
Microsoft Visual Studio Solution File, Format Version 12.00
# Visual Studio Version 17
VisualStudioVersion = 17.13.36105.23
MinimumVisualStudioVersion = 10.0.40219.1
Project("{FAE04EC0-301F-11D3-BF4B-00C04F79EFBC}") = "Inventrixx_API", "Inventrixx_API\Inventrixx_API.csproj", "{8DB5C84B-8C91-4AF4-82E6-98845A601B48}"
EndProject
Project("{FAE04EC0-301F-11D3-BF4B-00C04F79EFBC}") = "Inventrixx.Database", "Inventrixx.Database\Inventrixx.Database.csproj", "{A0CD9DA5-DECC-4F71-98DD-9F19D17026B0}"
EndProject
Project("{FAE04EC0-301F-11D3-BF4B-00C04F79EFBC}") = "Inventrixx.DatabaseConfig", "Inventrixx.DatabaseConfig\Inventrixx.DatabaseConfig.csproj", "{D1D7F1CF-00DD-43AB-9615-631AE1E318A7}"
EndProject
Global
	GlobalSection(SolutionConfigurationPlatforms) = preSolution
		Debug|Any CPU = Debug|Any CPU
		Release|Any CPU = Release|Any CPU
	EndGlobalSection
	GlobalSection(ProjectConfigurationPlatforms) = postSolution
		{8DB5C84B-8C91-4AF4-82E6-98845A601B48}.Debug|Any CPU.ActiveCfg = Debug|Any CPU
		{8DB5C84B-8C91-4AF4-82E6-98845A601B48}.Debug|Any CPU.Build.0 = Debug|Any CPU
		{8DB5C84B-8C91-4AF4-82E6-98845A601B48}.Release|Any CPU.ActiveCfg = Release|Any CPU
		{8DB5C84B-8C91-4AF4-82E6-98845A601B48}.Release|Any CPU.Build.0 = Release|Any CPU
		{A0CD9DA5-DECC-4F71-98DD-9F19D17026B0}.Debug|Any CPU.ActiveCfg = Debug|Any CPU
		{A0CD9DA5-DECC-4F71-98DD-9F19D17026B0}.Debug|Any CPU.Build.0 = Debug|Any CPU
		{A0CD9DA5-DECC-4F71-98DD-9F19D17026B0}.Release|Any CPU.ActiveCfg = Release|Any CPU
		{A0CD9DA5-DECC-4F71-98DD-9F19D17026B0}.Release|Any CPU.Build.0 = Release|Any CPU
		{D1D7F1CF-00DD-43AB-9615-631AE1E318A7}.Debug|Any CPU.ActiveCfg = Debug|Any CPU
		{D1D7F1CF-00DD-43AB-9615-631AE1E318A7}.Debug|Any CPU.Build.0 = Debug|Any CPU
		{D1D7F1CF-00DD-43AB-9615-631AE1E318A7}.Release|Any CPU.ActiveCfg = Release|Any CPU
		{D1D7F1CF-00DD-43AB-9615-631AE1E318A7}.Release|Any CPU.Build.0 = Release|Any CPU
	EndGlobalSection
	GlobalSection(SolutionProperties) = preSolution
		HideSolutionNode = FALSE
	EndGlobalSection
	GlobalSection(ExtensibilityGlobals) = postSolution
		SolutionGuid = {9F43C15F-20D1-4866-A524-AF8535DE6010}
	EndGlobalSection
EndGlobal
